
Microsoft Visual Studio Solution File, Format Version 12.00
# Visual Studio Version 17
VisualStudioVersion = 17.7.34202.233
MinimumVisualStudioVersion = 10.0.40219.1
Project("{FAE04EC0-301F-11D3-BF4B-00C04F79EFBC}") = "WpfApp2", "WpfApp2\WpfApp2.csproj", "{70DC98C6-1689-48C4-83FE-1C153EBB812E}"
EndProject
Global
	GlobalSection(SolutionConfigurationPlatforms) = preSolution
		Debug|Any CPU = Debug|Any CPU
		Release|Any CPU = Release|Any CPU
	EndGlobalSection
	GlobalSection(ProjectConfigurationPlatforms) = postSolution
		{70DC98C6-1689-48C4-83FE-1C153EBB812E}.Debug|Any CPU.ActiveCfg = Debug|Any CPU
		{70DC98C6-1689-48C4-83FE-1C153EBB812E}.Debug|Any CPU.Build.0 = Debug|Any CPU
		{70DC98C6-1689-48C4-83FE-1C153EBB812E}.Release|Any CPU.ActiveCfg = Release|Any CPU
		{70DC98C6-1689-48C4-83FE-1C153EBB812E}.Release|Any CPU.Build.0 = Release|Any CPU
	EndGlobalSection
	GlobalSection(SolutionProperties) = preSolution
		HideSolutionNode = FALSE
	EndGlobalSection
	GlobalSection(ExtensibilityGlobals) = postSolution
		SolutionGuid = {A3190150-D5E2-4E94-AEDE-1CAF0A72262F}
	EndGlobalSection
EndGlobal
